
Microsoft Visual Studio Solution File, Format Version 12.00
# Visual Studio Version 16
VisualStudioVersion = 16.0.29728.190
MinimumVisualStudioVersion = 10.0.40219.1
Project("{9A19103F-16F7-4668-BE54-9A1E7A4F7556}") = "Taxi.Common", "Taxi.Common\Taxi.Common.csproj", "{C00B33DB-EC1D-4C1B-B27A-F2E64FD0D912}"
EndProject
Project("{9A19103F-16F7-4668-BE54-9A1E7A4F7556}") = "Taxi.Web", "Taxi.Web\Taxi.Web.csproj", "{224F491E-F91A-4BEE-A3EE-279EF3931BA1}"
EndProject
Project("{FAE04EC0-301F-11D3-BF4B-00C04F79EFBC}") = "Taxi.Prism", "Taxi.Prism\Taxi.Prism\Taxi.Prism.csproj", "{9F1C0FEC-BF56-4E9F-BDB3-844C05DC5763}"
EndProject
Project("{FAE04EC0-301F-11D3-BF4B-00C04F79EFBC}") = "Taxi.Prism.Android", "Taxi.Prism\Taxi.Prism.Android\Taxi.Prism.Android.csproj", "{6F29A34E-02B3-494B-BDD0-E95B13D689B5}"
EndProject
Project("{FAE04EC0-301F-11D3-BF4B-00C04F79EFBC}") = "Taxi.Prism.iOS", "Taxi.Prism\Taxi.Prism.iOS\Taxi.Prism.iOS.csproj", "{BDE10745-AFD9-447C-AD3B-C3CD04904884}"
EndProject
Project("{FAE04EC0-301F-11D3-BF4B-00C04F79EFBC}") = "Taxi.Cross.Android", "Taxi.Cross.Android\Taxi.Cross.Android.csproj", "{6C6457C0-EA3A-4F31-8785-543276E8EA27}"
EndProject
Project("{FAE04EC0-301F-11D3-BF4B-00C04F79EFBC}") = "Taxi.Cross.iOS", "Taxi.Cross.iOS\Taxi.Cross.iOS.csproj", "{333511E9-2003-4963-BF0C-EC255A1D34C3}"
EndProject
Global
	GlobalSection(SolutionConfigurationPlatforms) = preSolution
		Ad-Hoc|Any CPU = Ad-Hoc|Any CPU
		Ad-Hoc|iPhone = Ad-Hoc|iPhone
		Ad-Hoc|iPhoneSimulator = Ad-Hoc|iPhoneSimulator
		AppStore|Any CPU = AppStore|Any CPU
		AppStore|iPhone = AppStore|iPhone
		AppStore|iPhoneSimulator = AppStore|iPhoneSimulator
		Debug|Any CPU = Debug|Any CPU
		Debug|iPhone = Debug|iPhone
		Debug|iPhoneSimulator = Debug|iPhoneSimulator
		Release|Any CPU = Release|Any CPU
		Release|iPhone = Release|iPhone
		Release|iPhoneSimulator = Release|iPhoneSimulator
	EndGlobalSection
	GlobalSection(ProjectConfigurationPlatforms) = postSolution
		{C00B33DB-EC1D-4C1B-B27A-F2E64FD0D912}.Ad-Hoc|Any CPU.ActiveCfg = Release|Any CPU
		{C00B33DB-EC1D-4C1B-B27A-F2E64FD0D912}.Ad-Hoc|Any CPU.Build.0 = Release|Any CPU
		{C00B33DB-EC1D-4C1B-B27A-F2E64FD0D912}.Ad-Hoc|iPhone.ActiveCfg = Release|Any CPU
		{C00B33DB-EC1D-4C1B-B27A-F2E64FD0D912}.Ad-Hoc|iPhone.Build.0 = Release|Any CPU
		{C00B33DB-EC1D-4C1B-B27A-F2E64FD0D912}.Ad-Hoc|iPhoneSimulator.ActiveCfg = Release|Any CPU
		{C00B33DB-EC1D-4C1B-B27A-F2E64FD0D912}.Ad-Hoc|iPhoneSimulator.Build.0 = Release|Any CPU
		{C00B33DB-EC1D-4C1B-B27A-F2E64FD0D912}.AppStore|Any CPU.ActiveCfg = Release|Any CPU
		{C00B33DB-EC1D-4C1B-B27A-F2E64FD0D912}.AppStore|Any CPU.Build.0 = Release|Any CPU
		{C00B33DB-EC1D-4C1B-B27A-F2E64FD0D912}.AppStore|iPhone.ActiveCfg = Release|Any CPU
		{C00B33DB-EC1D-4C1B-B27A-F2E64FD0D912}.AppStore|iPhone.Build.0 = Release|Any CPU
		{C00B33DB-EC1D-4C1B-B27A-F2E64FD0D912}.AppStore|iPhoneSimulator.ActiveCfg = Release|Any CPU
		{C00B33DB-EC1D-4C1B-B27A-F2E64FD0D912}.AppStore|iPhoneSimulator.Build.0 = Release|Any CPU
		{C00B33DB-EC1D-4C1B-B27A-F2E64FD0D912}.Debug|Any CPU.ActiveCfg = Debug|Any CPU
		{C00B33DB-EC1D-4C1B-B27A-F2E64FD0D912}.Debug|Any CPU.Build.0 = Debug|Any CPU
		{C00B33DB-EC1D-4C1B-B27A-F2E64FD0D912}.Debug|iPhone.ActiveCfg = Debug|Any CPU
		{C00B33DB-EC1D-4C1B-B27A-F2E64FD0D912}.Debug|iPhone.Build.0 = Debug|Any CPU
		{C00B33DB-EC1D-4C1B-B27A-F2E64FD0D912}.Debug|iPhoneSimulator.ActiveCfg = Debug|Any CPU
		{C00B33DB-EC1D-4C1B-B27A-F2E64FD0D912}.Debug|iPhoneSimulator.Build.0 = Debug|Any CPU
		{C00B33DB-EC1D-4C1B-B27A-F2E64FD0D912}.Release|Any CPU.ActiveCfg = Release|Any CPU
		{C00B33DB-EC1D-4C1B-B27A-F2E64FD0D912}.Release|Any CPU.Build.0 = Release|Any CPU
		{C00B33DB-EC1D-4C1B-B27A-F2E64FD0D912}.Release|iPhone.ActiveCfg = Release|Any CPU
		{C00B33DB-EC1D-4C1B-B27A-F2E64FD0D912}.Release|iPhone.Build.0 = Release|Any CPU
		{C00B33DB-EC1D-4C1B-B27A-F2E64FD0D912}.Release|iPhoneSimulator.ActiveCfg = Release|Any CPU
		{C00B33DB-EC1D-4C1B-B27A-F2E64FD0D912}.Release|iPhoneSimulator.Build.0 = Release|Any CPU
		{224F491E-F91A-4BEE-A3EE-279EF3931BA1}.Ad-Hoc|Any CPU.ActiveCfg = Release|Any CPU
		{224F491E-F91A-4BEE-A3EE-279EF3931BA1}.Ad-Hoc|Any CPU.Build.0 = Release|Any CPU
		{224F491E-F91A-4BEE-A3EE-279EF3931BA1}.Ad-Hoc|iPhone.ActiveCfg = Release|Any CPU
		{224F491E-F91A-4BEE-A3EE-279EF3931BA1}.Ad-Hoc|iPhone.Build.0 = Release|Any CPU
		{224F491E-F91A-4BEE-A3EE-279EF3931BA1}.Ad-Hoc|iPhoneSimulator.ActiveCfg = Release|Any CPU
		{224F491E-F91A-4BEE-A3EE-279EF3931BA1}.Ad-Hoc|iPhoneSimulator.Build.0 = Release|Any CPU
		{224F491E-F91A-4BEE-A3EE-279EF3931BA1}.AppStore|Any CPU.ActiveCfg = Release|Any CPU
		{224F491E-F91A-4BEE-A3EE-279EF3931BA1}.AppStore|Any CPU.Build.0 = Release|Any CPU
		{224F491E-F91A-4BEE-A3EE-279EF3931BA1}.AppStore|iPhone.ActiveCfg = Release|Any CPU
		{224F491E-F91A-4BEE-A3EE-279EF3931BA1}.AppStore|iPhone.Build.0 = Release|Any CPU
		{224F491E-F91A-4BEE-A3EE-279EF3931BA1}.AppStore|iPhoneSimulator.ActiveCfg = Release|Any CPU
		{224F491E-F91A-4BEE-A3EE-279EF3931BA1}.AppStore|iPhoneSimulator.Build.0 = Release|Any CPU
		{224F491E-F91A-4BEE-A3EE-279EF3931BA1}.Debug|Any CPU.ActiveCfg = Debug|Any CPU
		{224F491E-F91A-4BEE-A3EE-279EF3931BA1}.Debug|Any CPU.Build.0 = Debug|Any CPU
		{224F491E-F91A-4BEE-A3EE-279EF3931BA1}.Debug|iPhone.ActiveCfg = Debug|Any CPU
		{224F491E-F91A-4BEE-A3EE-279EF3931BA1}.Debug|iPhone.Build.0 = Debug|Any CPU
		{224F491E-F91A-4BEE-A3EE-279EF3931BA1}.Debug|iPhoneSimulator.ActiveCfg = Debug|Any CPU
		{224F491E-F91A-4BEE-A3EE-279EF3931BA1}.Debug|iPhoneSimulator.Build.0 = Debug|Any CPU
		{224F491E-F91A-4BEE-A3EE-279EF3931BA1}.Release|Any CPU.ActiveCfg = Release|Any CPU
		{224F491E-F91A-4BEE-A3EE-279EF3931BA1}.Release|Any CPU.Build.0 = Release|Any CPU
		{224F491E-F91A-4BEE-A3EE-279EF3931BA1}.Release|iPhone.ActiveCfg = Release|Any CPU
		{224F491E-F91A-4BEE-A3EE-279EF3931BA1}.Release|iPhone.Build.0 = Release|Any CPU
		{224F491E-F91A-4BEE-A3EE-279EF3931BA1}.Release|iPhoneSimulator.ActiveCfg = Release|Any CPU
		{224F491E-F91A-4BEE-A3EE-279EF3931BA1}.Release|iPhoneSimulator.Build.0 = Release|Any CPU
		{9F1C0FEC-BF56-4E9F-BDB3-844C05DC5763}.Ad-Hoc|Any CPU.ActiveCfg = Debug|Any CPU
		{9F1C0FEC-BF56-4E9F-BDB3-844C05DC5763}.Ad-Hoc|Any CPU.Build.0 = Debug|Any CPU
		{9F1C0FEC-BF56-4E9F-BDB3-844C05DC5763}.Ad-Hoc|iPhone.ActiveCfg = Debug|Any CPU
		{9F1C0FEC-BF56-4E9F-BDB3-844C05DC5763}.Ad-Hoc|iPhone.Build.0 = Debug|Any CPU
		{9F1C0FEC-BF56-4E9F-BDB3-844C05DC5763}.Ad-Hoc|iPhoneSimulator.ActiveCfg = Debug|Any CPU
		{9F1C0FEC-BF56-4E9F-BDB3-844C05DC5763}.Ad-Hoc|iPhoneSimulator.Build.0 = Debug|Any CPU
		{9F1C0FEC-BF56-4E9F-BDB3-844C05DC5763}.AppStore|Any CPU.ActiveCfg = Debug|Any CPU
		{9F1C0FEC-BF56-4E9F-BDB3-844C05DC5763}.AppStore|Any CPU.Build.0 = Debug|Any CPU
		{9F1C0FEC-BF56-4E9F-BDB3-844C05DC5763}.AppStore|iPhone.ActiveCfg = Debug|Any CPU
		{9F1C0FEC-BF56-4E9F-BDB3-844C05DC5763}.AppStore|iPhone.Build.0 = Debug|Any CPU
		{9F1C0FEC-BF56-4E9F-BDB3-844C05DC5763}.AppStore|iPhoneSimulator.ActiveCfg = Debug|Any CPU
		{9F1C0FEC-BF56-4E9F-BDB3-844C05DC5763}.AppStore|iPhoneSimulator.Build.0 = Debug|Any CPU
		{9F1C0FEC-BF56-4E9F-BDB3-844C05DC5763}.Debug|Any CPU.ActiveCfg = Debug|Any CPU
		{9F1C0FEC-BF56-4E9F-BDB3-844C05DC5763}.Debug|Any CPU.Build.0 = Debug|Any CPU
		{9F1C0FEC-BF56-4E9F-BDB3-844C05DC5763}.Debug|iPhone.ActiveCfg = Debug|Any CPU
		{9F1C0FEC-BF56-4E9F-BDB3-844C05DC5763}.Debug|iPhone.Build.0 = Debug|Any CPU
		{9F1C0FEC-BF56-4E9F-BDB3-844C05DC5763}.Debug|iPhoneSimulator.ActiveCfg = Debug|Any CPU
		{9F1C0FEC-BF56-4E9F-BDB3-844C05DC5763}.Debug|iPhoneSimulator.Build.0 = Debug|Any CPU
		{9F1C0FEC-BF56-4E9F-BDB3-844C05DC5763}.Release|Any CPU.ActiveCfg = Release|Any CPU
		{9F1C0FEC-BF56-4E9F-BDB3-844C05DC5763}.Release|Any CPU.Build.0 = Release|Any CPU
		{9F1C0FEC-BF56-4E9F-BDB3-844C05DC5763}.Release|iPhone.ActiveCfg = Release|Any CPU
		{9F1C0FEC-BF56-4E9F-BDB3-844C05DC5763}.Release|iPhone.Build.0 = Release|Any CPU
		{9F1C0FEC-BF56-4E9F-BDB3-844C05DC5763}.Release|iPhoneSimulator.ActiveCfg = Release|Any CPU
		{9F1C0FEC-BF56-4E9F-BDB3-844C05DC5763}.Release|iPhoneSimulator.Build.0 = Release|Any CPU
		{6F29A34E-02B3-494B-BDD0-E95B13D689B5}.Ad-Hoc|Any CPU.ActiveCfg = Release|Any CPU
		{6F29A34E-02B3-494B-BDD0-E95B13D689B5}.Ad-Hoc|Any CPU.Build.0 = Release|Any CPU
		{6F29A34E-02B3-494B-BDD0-E95B13D689B5}.Ad-Hoc|Any CPU.Deploy.0 = Release|Any CPU
		{6F29A34E-02B3-494B-BDD0-E95B13D689B5}.Ad-Hoc|iPhone.ActiveCfg = Release|Any CPU
		{6F29A34E-02B3-494B-BDD0-E95B13D689B5}.Ad-Hoc|iPhone.Build.0 = Release|Any CPU
		{6F29A34E-02B3-494B-BDD0-E95B13D689B5}.Ad-Hoc|iPhone.Deploy.0 = Release|Any CPU
		{6F29A34E-02B3-494B-BDD0-E95B13D689B5}.Ad-Hoc|iPhoneSimulator.ActiveCfg = Release|Any CPU
		{6F29A34E-02B3-494B-BDD0-E95B13D689B5}.Ad-Hoc|iPhoneSimulator.Build.0 = Release|Any CPU
		{6F29A34E-02B3-494B-BDD0-E95B13D689B5}.Ad-Hoc|iPhoneSimulator.Deploy.0 = Release|Any CPU
		{6F29A34E-02B3-494B-BDD0-E95B13D689B5}.AppStore|Any CPU.ActiveCfg = Release|Any CPU
		{6F29A34E-02B3-494B-BDD0-E95B13D689B5}.AppStore|Any CPU.Build.0 = Release|Any CPU
		{6F29A34E-02B3-494B-BDD0-E95B13D689B5}.AppStore|Any CPU.Deploy.0 = Release|Any CPU
		{6F29A34E-02B3-494B-BDD0-E95B13D689B5}.AppStore|iPhone.ActiveCfg = Release|Any CPU
		{6F29A34E-02B3-494B-BDD0-E95B13D689B5}.AppStore|iPhone.Build.0 = Release|Any CPU
		{6F29A34E-02B3-494B-BDD0-E95B13D689B5}.AppStore|iPhone.Deploy.0 = Release|Any CPU
		{6F29A34E-02B3-494B-BDD0-E95B13D689B5}.AppStore|iPhoneSimulator.ActiveCfg = Release|Any CPU
		{6F29A34E-02B3-494B-BDD0-E95B13D689B5}.AppStore|iPhoneSimulator.Build.0 = Release|Any CPU
		{6F29A34E-02B3-494B-BDD0-E95B13D689B5}.AppStore|iPhoneSimulator.Deploy.0 = Release|Any CPU
		{6F29A34E-02B3-494B-BDD0-E95B13D689B5}.Debug|Any CPU.ActiveCfg = Debug|Any CPU
		{6F29A34E-02B3-494B-BDD0-E95B13D689B5}.Debug|Any CPU.Build.0 = Debug|Any CPU
		{6F29A34E-02B3-494B-BDD0-E95B13D689B5}.Debug|Any CPU.Deploy.0 = Debug|Any CPU
		{6F29A34E-02B3-494B-BDD0-E95B13D689B5}.Debug|iPhone.ActiveCfg = Debug|Any CPU
		{6F29A34E-02B3-494B-BDD0-E95B13D689B5}.Debug|iPhone.Build.0 = Debug|Any CPU
		{6F29A34E-02B3-494B-BDD0-E95B13D689B5}.Debug|iPhone.Deploy.0 = Debug|Any CPU
		{6F29A34E-02B3-494B-BDD0-E95B13D689B5}.Debug|iPhoneSimulator.ActiveCfg = Debug|Any CPU
		{6F29A34E-02B3-494B-BDD0-E95B13D689B5}.Debug|iPhoneSimulator.Build.0 = Debug|Any CPU
		{6F29A34E-02B3-494B-BDD0-E95B13D689B5}.Debug|iPhoneSimulator.Deploy.0 = Debug|Any CPU
		{6F29A34E-02B3-494B-BDD0-E95B13D689B5}.Release|Any CPU.ActiveCfg = Release|Any CPU
		{6F29A34E-02B3-494B-BDD0-E95B13D689B5}.Release|Any CPU.Build.0 = Release|Any CPU
		{6F29A34E-02B3-494B-BDD0-E95B13D689B5}.Release|Any CPU.Deploy.0 = Release|Any CPU
		{6F29A34E-02B3-494B-BDD0-E95B13D689B5}.Release|iPhone.ActiveCfg = Release|Any CPU
		{6F29A34E-02B3-494B-BDD0-E95B13D689B5}.Release|iPhone.Build.0 = Release|Any CPU
		{6F29A34E-02B3-494B-BDD0-E95B13D689B5}.Release|iPhone.Deploy.0 = Release|Any CPU
		{6F29A34E-02B3-494B-BDD0-E95B13D689B5}.Release|iPhoneSimulator.ActiveCfg = Release|Any CPU
		{6F29A34E-02B3-494B-BDD0-E95B13D689B5}.Release|iPhoneSimulator.Build.0 = Release|Any CPU
		{6F29A34E-02B3-494B-BDD0-E95B13D689B5}.Release|iPhoneSimulator.Deploy.0 = Release|Any CPU
		{BDE10745-AFD9-447C-AD3B-C3CD04904884}.Ad-Hoc|Any CPU.ActiveCfg = Ad-Hoc|iPhone
		{BDE10745-AFD9-447C-AD3B-C3CD04904884}.Ad-Hoc|iPhone.ActiveCfg = Ad-Hoc|iPhone
		{BDE10745-AFD9-447C-AD3B-C3CD04904884}.Ad-Hoc|iPhone.Build.0 = Ad-Hoc|iPhone
		{BDE10745-AFD9-447C-AD3B-C3CD04904884}.Ad-Hoc|iPhoneSimulator.ActiveCfg = Ad-Hoc|iPhoneSimulator
		{BDE10745-AFD9-447C-AD3B-C3CD04904884}.Ad-Hoc|iPhoneSimulator.Build.0 = Ad-Hoc|iPhoneSimulator
		{BDE10745-AFD9-447C-AD3B-C3CD04904884}.AppStore|Any CPU.ActiveCfg = AppStore|iPhone
		{BDE10745-AFD9-447C-AD3B-C3CD04904884}.AppStore|iPhone.ActiveCfg = AppStore|iPhone
		{BDE10745-AFD9-447C-AD3B-C3CD04904884}.AppStore|iPhone.Build.0 = AppStore|iPhone
		{BDE10745-AFD9-447C-AD3B-C3CD04904884}.AppStore|iPhoneSimulator.ActiveCfg = AppStore|iPhoneSimulator
		{BDE10745-AFD9-447C-AD3B-C3CD04904884}.AppStore|iPhoneSimulator.Build.0 = AppStore|iPhoneSimulator
		{BDE10745-AFD9-447C-AD3B-C3CD04904884}.Debug|Any CPU.ActiveCfg = Debug|iPhone
		{BDE10745-AFD9-447C-AD3B-C3CD04904884}.Debug|iPhone.ActiveCfg = Debug|iPhone
		{BDE10745-AFD9-447C-AD3B-C3CD04904884}.Debug|iPhone.Build.0 = Debug|iPhone
		{BDE10745-AFD9-447C-AD3B-C3CD04904884}.Debug|iPhoneSimulator.ActiveCfg = Debug|iPhoneSimulator
		{BDE10745-AFD9-447C-AD3B-C3CD04904884}.Debug|iPhoneSimulator.Build.0 = Debug|iPhoneSimulator
		{BDE10745-AFD9-447C-AD3B-C3CD04904884}.Release|Any CPU.ActiveCfg = Release|iPhone
		{BDE10745-AFD9-447C-AD3B-C3CD04904884}.Release|iPhone.ActiveCfg = Release|iPhone
		{BDE10745-AFD9-447C-AD3B-C3CD04904884}.Release|iPhone.Build.0 = Release|iPhone
		{BDE10745-AFD9-447C-AD3B-C3CD04904884}.Release|iPhoneSimulator.ActiveCfg = Release|iPhoneSimulator
		{BDE10745-AFD9-447C-AD3B-C3CD04904884}.Release|iPhoneSimulator.Build.0 = Release|iPhoneSimulator
		{6C6457C0-EA3A-4F31-8785-543276E8EA27}.Ad-Hoc|Any CPU.ActiveCfg = Release|Any CPU
		{6C6457C0-EA3A-4F31-8785-543276E8EA27}.Ad-Hoc|Any CPU.Build.0 = Release|Any CPU
		{6C6457C0-EA3A-4F31-8785-543276E8EA27}.Ad-Hoc|Any CPU.Deploy.0 = Release|Any CPU
		{6C6457C0-EA3A-4F31-8785-543276E8EA27}.Ad-Hoc|iPhone.ActiveCfg = Release|Any CPU
		{6C6457C0-EA3A-4F31-8785-543276E8EA27}.Ad-Hoc|iPhone.Build.0 = Release|Any CPU
		{6C6457C0-EA3A-4F31-8785-543276E8EA27}.Ad-Hoc|iPhone.Deploy.0 = Release|Any CPU
		{6C6457C0-EA3A-4F31-8785-543276E8EA27}.Ad-Hoc|iPhoneSimulator.ActiveCfg = Release|Any CPU
		{6C6457C0-EA3A-4F31-8785-543276E8EA27}.Ad-Hoc|iPhoneSimulator.Build.0 = Release|Any CPU
		{6C6457C0-EA3A-4F31-8785-543276E8EA27}.Ad-Hoc|iPhoneSimulator.Deploy.0 = Release|Any CPU
		{6C6457C0-EA3A-4F31-8785-543276E8EA27}.AppStore|Any CPU.ActiveCfg = Release|Any CPU
		{6C6457C0-EA3A-4F31-8785-543276E8EA27}.AppStore|Any CPU.Build.0 = Release|Any CPU
		{6C6457C0-EA3A-4F31-8785-543276E8EA27}.AppStore|Any CPU.Deploy.0 = Release|Any CPU
		{6C6457C0-EA3A-4F31-8785-543276E8EA27}.AppStore|iPhone.ActiveCfg = Release|Any CPU
		{6C6457C0-EA3A-4F31-8785-543276E8EA27}.AppStore|iPhone.Build.0 = Release|Any CPU
		{6C6457C0-EA3A-4F31-8785-543276E8EA27}.AppStore|iPhone.Deploy.0 = Release|Any CPU
		{6C6457C0-EA3A-4F31-8785-543276E8EA27}.AppStore|iPhoneSimulator.ActiveCfg = Release|Any CPU
		{6C6457C0-EA3A-4F31-8785-543276E8EA27}.AppStore|iPhoneSimulator.Build.0 = Release|Any CPU
		{6C6457C0-EA3A-4F31-8785-543276E8EA27}.AppStore|iPhoneSimulator.Deploy.0 = Release|Any CPU
		{6C6457C0-EA3A-4F31-8785-543276E8EA27}.Debug|Any CPU.ActiveCfg = Debug|Any CPU
		{6C6457C0-EA3A-4F31-8785-543276E8EA27}.Debug|Any CPU.Build.0 = Debug|Any CPU
		{6C6457C0-EA3A-4F31-8785-543276E8EA27}.Debug|Any CPU.Deploy.0 = Debug|Any CPU
		{6C6457C0-EA3A-4F31-8785-543276E8EA27}.Debug|iPhone.ActiveCfg = Debug|Any CPU
		{6C6457C0-EA3A-4F31-8785-543276E8EA27}.Debug|iPhone.Build.0 = Debug|Any CPU
		{6C6457C0-EA3A-4F31-8785-543276E8EA27}.Debug|iPhone.Deploy.0 = Debug|Any CPU
		{6C6457C0-EA3A-4F31-8785-543276E8EA27}.Debug|iPhoneSimulator.ActiveCfg = Debug|Any CPU
		{6C6457C0-EA3A-4F31-8785-543276E8EA27}.Debug|iPhoneSimulator.Build.0 = Debug|Any CPU
		{6C6457C0-EA3A-4F31-8785-543276E8EA27}.Debug|iPhoneSimulator.Deploy.0 = Debug|Any CPU
		{6C6457C0-EA3A-4F31-8785-543276E8EA27}.Release|Any CPU.ActiveCfg = Release|Any CPU
		{6C6457C0-EA3A-4F31-8785-543276E8EA27}.Release|Any CPU.Build.0 = Release|Any CPU
		{6C6457C0-EA3A-4F31-8785-543276E8EA27}.Release|Any CPU.Deploy.0 = Release|Any CPU
		{6C6457C0-EA3A-4F31-8785-543276E8EA27}.Release|iPhone.ActiveCfg = Release|Any CPU
		{6C6457C0-EA3A-4F31-8785-543276E8EA27}.Release|iPhone.Build.0 = Release|Any CPU
		{6C6457C0-EA3A-4F31-8785-543276E8EA27}.Release|iPhone.Deploy.0 = Release|Any CPU
		{6C6457C0-EA3A-4F31-8785-543276E8EA27}.Release|iPhoneSimulator.ActiveCfg = Release|Any CPU
		{6C6457C0-EA3A-4F31-8785-543276E8EA27}.Release|iPhoneSimulator.Build.0 = Release|Any CPU
		{6C6457C0-EA3A-4F31-8785-543276E8EA27}.Release|iPhoneSimulator.Deploy.0 = Release|Any CPU
		{333511E9-2003-4963-BF0C-EC255A1D34C3}.Ad-Hoc|Any CPU.ActiveCfg = Release|iPhone
		{333511E9-2003-4963-BF0C-EC255A1D34C3}.Ad-Hoc|Any CPU.Build.0 = Release|iPhone
		{333511E9-2003-4963-BF0C-EC255A1D34C3}.Ad-Hoc|iPhone.ActiveCfg = Release|iPhone
		{333511E9-2003-4963-BF0C-EC255A1D34C3}.Ad-Hoc|iPhone.Build.0 = Release|iPhone
		{333511E9-2003-4963-BF0C-EC255A1D34C3}.Ad-Hoc|iPhoneSimulator.ActiveCfg = Release|iPhoneSimulator
		{333511E9-2003-4963-BF0C-EC255A1D34C3}.Ad-Hoc|iPhoneSimulator.Build.0 = Release|iPhoneSimulator
		{333511E9-2003-4963-BF0C-EC255A1D34C3}.AppStore|Any CPU.ActiveCfg = Release|iPhone
		{333511E9-2003-4963-BF0C-EC255A1D34C3}.AppStore|Any CPU.Build.0 = Release|iPhone
		{333511E9-2003-4963-BF0C-EC255A1D34C3}.AppStore|iPhone.ActiveCfg = Release|iPhone
		{333511E9-2003-4963-BF0C-EC255A1D34C3}.AppStore|iPhone.Build.0 = Release|iPhone
		{333511E9-2003-4963-BF0C-EC255A1D34C3}.AppStore|iPhoneSimulator.ActiveCfg = Release|iPhoneSimulator
		{333511E9-2003-4963-BF0C-EC255A1D34C3}.AppStore|iPhoneSimulator.Build.0 = Release|iPhoneSimulator
		{333511E9-2003-4963-BF0C-EC255A1D34C3}.Debug|Any CPU.ActiveCfg = Debug|iPhone
		{333511E9-2003-4963-BF0C-EC255A1D34C3}.Debug|iPhone.ActiveCfg = Debug|iPhone
		{333511E9-2003-4963-BF0C-EC255A1D34C3}.Debug|iPhone.Build.0 = Debug|iPhone
		{333511E9-2003-4963-BF0C-EC255A1D34C3}.Debug|iPhoneSimulator.ActiveCfg = Debug|iPhoneSimulator
		{333511E9-2003-4963-BF0C-EC255A1D34C3}.Debug|iPhoneSimulator.Build.0 = Debug|iPhoneSimulator
		{333511E9-2003-4963-BF0C-EC255A1D34C3}.Release|Any CPU.ActiveCfg = Release|iPhone
		{333511E9-2003-4963-BF0C-EC255A1D34C3}.Release|iPhone.ActiveCfg = Release|iPhone
		{333511E9-2003-4963-BF0C-EC255A1D34C3}.Release|iPhone.Build.0 = Release|iPhone
		{333511E9-2003-4963-BF0C-EC255A1D34C3}.Release|iPhoneSimulator.ActiveCfg = Release|iPhoneSimulator
		{333511E9-2003-4963-BF0C-EC255A1D34C3}.Release|iPhoneSimulator.Build.0 = Release|iPhoneSimulator
	EndGlobalSection
	GlobalSection(SolutionProperties) = preSolution
		HideSolutionNode = FALSE
	EndGlobalSection
	GlobalSection(ExtensibilityGlobals) = postSolution
		SolutionGuid = {8F526B0E-3213-4CEF-ADFA-A8A8990D20E5}
	EndGlobalSection
EndGlobal
